
Microsoft Visual Studio Solution File, Format Version 12.00
# Visual Studio Version 16
VisualStudioVersion = 16.0.30114.105
MinimumVisualStudioVersion = 10.0.40219.1
Project("{FAE04EC0-301F-11D3-BF4B-00C04F79EFBC}") = "Mphil.PhonePurchaseAssistantBot", "Mphil.PhonePurchaseAssistantBot\Mphil.PhonePurchaseAssistantBot.csproj", "{F99DB6CC-4071-4DA0-99E5-14D1E3BFC68C}"
EndProject
Global
	GlobalSection(SolutionConfigurationPlatforms) = preSolution
		Debug|Any CPU = Debug|Any CPU
		Release|Any CPU = Release|Any CPU
	EndGlobalSection
	GlobalSection(ProjectConfigurationPlatforms) = postSolution
		{F99DB6CC-4071-4DA0-99E5-14D1E3BFC68C}.Debug|Any CPU.ActiveCfg = Debug|Any CPU
		{F99DB6CC-4071-4DA0-99E5-14D1E3BFC68C}.Debug|Any CPU.Build.0 = Debug|Any CPU
		{F99DB6CC-4071-4DA0-99E5-14D1E3BFC68C}.Release|Any CPU.ActiveCfg = Release|Any CPU
		{F99DB6CC-4071-4DA0-99E5-14D1E3BFC68C}.Release|Any CPU.Build.0 = Release|Any CPU
	EndGlobalSection
	GlobalSection(SolutionProperties) = preSolution
		HideSolutionNode = FALSE
	EndGlobalSection
	GlobalSection(ExtensibilityGlobals) = postSolution
		SolutionGuid = {09A84291-83C9-46E8-869E-94388A0D27B6}
	EndGlobalSection
EndGlobal
